
Microsoft Visual Studio Solution File, Format Version 12.00
# Visual Studio 15
VisualStudioVersion = 15.0.27130.2036
MinimumVisualStudioVersion = 10.0.40219.1
Project("{FAE04EC0-301F-11D3-BF4B-00C04F79EFBC}") = "CarRentalSystem", "CarRentalSystem.csproj", "{12F99875-0AEB-4658-AD6A-BE21E6FB3B46}"
EndProject
Project("{FAE04EC0-301F-11D3-BF4B-00C04F79EFBC}") = "CarRentalSystemTest", "..\CarRentalSystemTest\CarRentalSystemTest.csproj", "{A534B6CC-1D03-4A9D-A043-B651C96FE3A2}"
EndProject
Project("{FAE04EC0-301F-11D3-BF4B-00C04F79EFBC}") = "AccessAssistant", "..\AccessAssistant\AccessAssistant.csproj", "{7913A38E-2A63-4242-AC5B-F0119CD97553}"
EndProject
Project("{FAE04EC0-301F-11D3-BF4B-00C04F79EFBC}") = "AccessAssistantTest", "..\AccessAssistantTest\AccessAssistantTest.csproj", "{6CC9D25E-B8BD-4376-A58A-2E3B052DBBA6}"
EndProject
Project("{FAE04EC0-301F-11D3-BF4B-00C04F79EFBC}") = "FormAssistant", "..\FormAssistant\FormAssistant.csproj", "{3BD06FBB-F81B-41ED-B176-732E00564AB4}"
EndProject
Global
	GlobalSection(SolutionConfigurationPlatforms) = preSolution
		Debug|Any CPU = Debug|Any CPU
		Release|Any CPU = Release|Any CPU
	EndGlobalSection
	GlobalSection(ProjectConfigurationPlatforms) = postSolution
		{12F99875-0AEB-4658-AD6A-BE21E6FB3B46}.Debug|Any CPU.ActiveCfg = Debug|Any CPU
		{12F99875-0AEB-4658-AD6A-BE21E6FB3B46}.Debug|Any CPU.Build.0 = Debug|Any CPU
		{12F99875-0AEB-4658-AD6A-BE21E6FB3B46}.Release|Any CPU.ActiveCfg = Release|Any CPU
		{12F99875-0AEB-4658-AD6A-BE21E6FB3B46}.Release|Any CPU.Build.0 = Release|Any CPU
		{A534B6CC-1D03-4A9D-A043-B651C96FE3A2}.Debug|Any CPU.ActiveCfg = Debug|Any CPU
		{A534B6CC-1D03-4A9D-A043-B651C96FE3A2}.Debug|Any CPU.Build.0 = Debug|Any CPU
		{A534B6CC-1D03-4A9D-A043-B651C96FE3A2}.Release|Any CPU.ActiveCfg = Release|Any CPU
		{A534B6CC-1D03-4A9D-A043-B651C96FE3A2}.Release|Any CPU.Build.0 = Release|Any CPU
		{7913A38E-2A63-4242-AC5B-F0119CD97553}.Debug|Any CPU.ActiveCfg = Debug|Any CPU
		{7913A38E-2A63-4242-AC5B-F0119CD97553}.Debug|Any CPU.Build.0 = Debug|Any CPU
		{7913A38E-2A63-4242-AC5B-F0119CD97553}.Release|Any CPU.ActiveCfg = Release|Any CPU
		{7913A38E-2A63-4242-AC5B-F0119CD97553}.Release|Any CPU.Build.0 = Release|Any CPU
		{6CC9D25E-B8BD-4376-A58A-2E3B052DBBA6}.Debug|Any CPU.ActiveCfg = Debug|Any CPU
		{6CC9D25E-B8BD-4376-A58A-2E3B052DBBA6}.Debug|Any CPU.Build.0 = Debug|Any CPU
		{6CC9D25E-B8BD-4376-A58A-2E3B052DBBA6}.Release|Any CPU.ActiveCfg = Release|Any CPU
		{6CC9D25E-B8BD-4376-A58A-2E3B052DBBA6}.Release|Any CPU.Build.0 = Release|Any CPU
		{3BD06FBB-F81B-41ED-B176-732E00564AB4}.Debug|Any CPU.ActiveCfg = Debug|Any CPU
		{3BD06FBB-F81B-41ED-B176-732E00564AB4}.Debug|Any CPU.Build.0 = Debug|Any CPU
		{3BD06FBB-F81B-41ED-B176-732E00564AB4}.Release|Any CPU.ActiveCfg = Release|Any CPU
		{3BD06FBB-F81B-41ED-B176-732E00564AB4}.Release|Any CPU.Build.0 = Release|Any CPU
	EndGlobalSection
	GlobalSection(SolutionProperties) = preSolution
		HideSolutionNode = FALSE
	EndGlobalSection
	GlobalSection(ExtensibilityGlobals) = postSolution
		SolutionGuid = {DF32E276-D231-4907-A80E-1998476C9B1C}
	EndGlobalSection
EndGlobal
